// !$*UTF8*$!
{
	archiveVersion = 1;
	classes = {
	};
	objectVersion = 50;
	objects = {

/* Begin PBXBuildFile section */
		CF8027CAE0C640E37DBB8C5D /* Pods_Movie_Night.framework in Frameworks */ = {isa = PBXBuildFile; fileRef = 0DF80E2DD074BAF0241E995F /* Pods_Movie_Night.framework */; };
		D811658A218EF7840086C778 /* OnboardingIntroTextModel.swift in Sources */ = {isa = PBXBuildFile; fileRef = D8116589218EF7840086C778 /* OnboardingIntroTextModel.swift */; };
		D811658C218EFB8B0086C778 /* MNViewController.swift in Sources */ = {isa = PBXBuildFile; fileRef = D811658B218EFB8B0086C778 /* MNViewController.swift */; };
		D8116590219129760086C778 /* FBLoginButton.swift in Sources */ = {isa = PBXBuildFile; fileRef = D811658F219129760086C778 /* FBLoginButton.swift */; };
		D8715CC821982E14005D0431 /* MNNavigationControllerExt.swift in Sources */ = {isa = PBXBuildFile; fileRef = D8715CC721982E14005D0431 /* MNNavigationControllerExt.swift */; };
		D8949FD021871DCC00A549B5 /* AppDelegate.swift in Sources */ = {isa = PBXBuildFile; fileRef = D8949FCF21871DCC00A549B5 /* AppDelegate.swift */; };
		D8949FD721871DCE00A549B5 /* Assets.xcassets in Resources */ = {isa = PBXBuildFile; fileRef = D8949FD621871DCE00A549B5 /* Assets.xcassets */; };
		D8949FDA21871DCE00A549B5 /* LaunchScreen.storyboard in Resources */ = {isa = PBXBuildFile; fileRef = D8949FD821871DCE00A549B5 /* LaunchScreen.storyboard */; };
		D8949FEA21872E3100A549B5 /* OnBoardingController.swift in Sources */ = {isa = PBXBuildFile; fileRef = D8949FE921872E3100A549B5 /* OnBoardingController.swift */; };
		D8F7E31B2187400C0016B7E6 /* UIColorExt.swift in Sources */ = {isa = PBXBuildFile; fileRef = D8F7E31A2187400C0016B7E6 /* UIColorExt.swift */; };
		D8F7E31D218747880016B7E6 /* OnBoardingPageCell.swift in Sources */ = {isa = PBXBuildFile; fileRef = D8F7E31C218747880016B7E6 /* OnBoardingPageCell.swift */; };
		D8F7E32121874A750016B7E6 /* MNCollectionViewCell.swift in Sources */ = {isa = PBXBuildFile; fileRef = D8F7E32021874A750016B7E6 /* MNCollectionViewCell.swift */; };
		D8F7E3242187ACC30016B7E6 /* EasyConstraintsEx.swift in Sources */ = {isa = PBXBuildFile; fileRef = D8F7E3232187ACC30016B7E6 /* EasyConstraintsEx.swift */; };
/* End PBXBuildFile section */

/* Begin PBXFileReference section */
		0DF80E2DD074BAF0241E995F /* Pods_Movie_Night.framework */ = {isa = PBXFileReference; explicitFileType = wrapper.framework; includeInIndex = 0; path = Pods_Movie_Night.framework; sourceTree = BUILT_PRODUCTS_DIR; };
		1311163C16887FE599DFE855 /* Pods-Movie Night.release.xcconfig */ = {isa = PBXFileReference; includeInIndex = 1; lastKnownFileType = text.xcconfig; name = "Pods-Movie Night.release.xcconfig"; path = "Pods/Target Support Files/Pods-Movie Night/Pods-Movie Night.release.xcconfig"; sourceTree = "<group>"; };
		C1C0BF42E0FD1C02FECDB888 /* Pods-Movie Night.debug.xcconfig */ = {isa = PBXFileReference; includeInIndex = 1; lastKnownFileType = text.xcconfig; name = "Pods-Movie Night.debug.xcconfig"; path = "Pods/Target Support Files/Pods-Movie Night/Pods-Movie Night.debug.xcconfig"; sourceTree = "<group>"; };
		D8116589218EF7840086C778 /* OnboardingIntroTextModel.swift */ = {isa = PBXFileReference; lastKnownFileType = sourcecode.swift; path = OnboardingIntroTextModel.swift; sourceTree = "<group>"; };
		D811658B218EFB8B0086C778 /* MNViewController.swift */ = {isa = PBXFileReference; lastKnownFileType = sourcecode.swift; path = MNViewController.swift; sourceTree = "<group>"; };
		D811658F219129760086C778 /* FBLoginButton.swift */ = {isa = PBXFileReference; lastKnownFileType = sourcecode.swift; path = FBLoginButton.swift; sourceTree = "<group>"; };
		D8715CC721982E14005D0431 /* MNNavigationControllerExt.swift */ = {isa = PBXFileReference; lastKnownFileType = sourcecode.swift; path = MNNavigationControllerExt.swift; sourceTree = "<group>"; };
		D8949FCC21871DCC00A549B5 /* Movie Night.app */ = {isa = PBXFileReference; explicitFileType = wrapper.application; includeInIndex = 0; path = "Movie Night.app"; sourceTree = BUILT_PRODUCTS_DIR; };
		D8949FCF21871DCC00A549B5 /* AppDelegate.swift */ = {isa = PBXFileReference; lastKnownFileType = sourcecode.swift; path = AppDelegate.swift; sourceTree = "<group>"; };
		D8949FD621871DCE00A549B5 /* Assets.xcassets */ = {isa = PBXFileReference; lastKnownFileType = folder.assetcatalog; path = Assets.xcassets; sourceTree = "<group>"; };
		D8949FD921871DCE00A549B5 /* Base */ = {isa = PBXFileReference; lastKnownFileType = file.storyboard; name = Base; path = Base.lproj/LaunchScreen.storyboard; sourceTree = "<group>"; };
		D8949FDB21871DCE00A549B5 /* Info.plist */ = {isa = PBXFileReference; lastKnownFileType = text.plist.xml; path = Info.plist; sourceTree = "<group>"; };
		D8949FE921872E3100A549B5 /* OnBoardingController.swift */ = {isa = PBXFileReference; lastKnownFileType = sourcecode.swift; path = OnBoardingController.swift; sourceTree = "<group>"; };
		D8F7E31A2187400C0016B7E6 /* UIColorExt.swift */ = {isa = PBXFileReference; lastKnownFileType = sourcecode.swift; path = UIColorExt.swift; sourceTree = "<group>"; };
		D8F7E31C218747880016B7E6 /* OnBoardingPageCell.swift */ = {isa = PBXFileReference; lastKnownFileType = sourcecode.swift; path = OnBoardingPageCell.swift; sourceTree = "<group>"; };
		D8F7E32021874A750016B7E6 /* MNCollectionViewCell.swift */ = {isa = PBXFileReference; lastKnownFileType = sourcecode.swift; path = MNCollectionViewCell.swift; sourceTree = "<group>"; };
		D8F7E3232187ACC30016B7E6 /* EasyConstraintsEx.swift */ = {isa = PBXFileReference; lastKnownFileType = sourcecode.swift; path = EasyConstraintsEx.swift; sourceTree = "<group>"; };
/* End PBXFileReference section */

/* Begin PBXFrameworksBuildPhase section */
		D8949FC921871DCC00A549B5 /* Frameworks */ = {
			isa = PBXFrameworksBuildPhase;
			buildActionMask = 2147483647;
			files = (
				CF8027CAE0C640E37DBB8C5D /* Pods_Movie_Night.framework in Frameworks */,
			);
			runOnlyForDeploymentPostprocessing = 0;
		};
/* End PBXFrameworksBuildPhase section */

/* Begin PBXGroup section */
		B47EF3B4443647B359526626 /* Pods */ = {
			isa = PBXGroup;
			children = (
				C1C0BF42E0FD1C02FECDB888 /* Pods-Movie Night.debug.xcconfig */,
				1311163C16887FE599DFE855 /* Pods-Movie Night.release.xcconfig */,
			);
			name = Pods;
			sourceTree = "<group>";
		};
		D8116588218EF7430086C778 /* OnBoarding */ = {
			isa = PBXGroup;
			children = (
				D8116589218EF7840086C778 /* OnboardingIntroTextModel.swift */,
			);
			path = OnBoarding;
			sourceTree = "<group>";
		};
		D8949FC321871DCC00A549B5 = {
			isa = PBXGroup;
			children = (
				D8949FCE21871DCC00A549B5 /* Movie Night */,
				D8949FCD21871DCC00A549B5 /* Products */,
				B47EF3B4443647B359526626 /* Pods */,
				DFE373F51A58E5485003B9E4 /* Frameworks */,
			);
			sourceTree = "<group>";
		};
		D8949FCD21871DCC00A549B5 /* Products */ = {
			isa = PBXGroup;
			children = (
				D8949FCC21871DCC00A549B5 /* Movie Night.app */,
			);
			name = Products;
			sourceTree = "<group>";
		};
		D8949FCE21871DCC00A549B5 /* Movie Night */ = {
			isa = PBXGroup;
			children = (
				D8949FDB21871DCE00A549B5 /* Info.plist */,
				D8949FCF21871DCC00A549B5 /* AppDelegate.swift */,
				D8949FE521871FFA00A549B5 /* SupportFiles */,
				D8F7E31921873FB70016B7E6 /* Extensions */,
				D8F7E31F218749F80016B7E6 /* CustomComponents */,
				D8949FE421871FF700A549B5 /* Models */,
				D8949FE321871FF300A549B5 /* Views */,
				D8949FE221871FF000A549B5 /* ViewModels */,
				D8949FE121871FEB00A549B5 /* Controllers */,
			);
			path = "Movie Night";
			sourceTree = "<group>";
		};
		D8949FE121871FEB00A549B5 /* Controllers */ = {
			isa = PBXGroup;
			children = (
				D8949FE821872DFA00A549B5 /* OnBoarding */,
			);
			name = Controllers;
			path = "New Group";
			sourceTree = "<group>";
		};
		D8949FE221871FF000A549B5 /* ViewModels */ = {
			isa = PBXGroup;
			children = (
			);
			path = ViewModels;
			sourceTree = "<group>";
		};
		D8949FE321871FF300A549B5 /* Views */ = {
			isa = PBXGroup;
			children = (
				D8F7E31E218749870016B7E6 /* OnBoarding */,
			);
			path = Views;
			sourceTree = "<group>";
		};
		D8949FE421871FF700A549B5 /* Models */ = {
			isa = PBXGroup;
			children = (
				D8116588218EF7430086C778 /* OnBoarding */,
			);
			path = Models;
			sourceTree = "<group>";
		};
		D8949FE521871FFA00A549B5 /* SupportFiles */ = {
			isa = PBXGroup;
			children = (
				D8949FD821871DCE00A549B5 /* LaunchScreen.storyboard */,
				D8949FD621871DCE00A549B5 /* Assets.xcassets */,
			);
			path = SupportFiles;
			sourceTree = "<group>";
		};
		D8949FE821872DFA00A549B5 /* OnBoarding */ = {
			isa = PBXGroup;
			children = (
				D8949FE921872E3100A549B5 /* OnBoardingController.swift */,
			);
			path = OnBoarding;
			sourceTree = "<group>";
		};
		D8F7E31921873FB70016B7E6 /* Extensions */ = {
			isa = PBXGroup;
			children = (
				D8F7E31A2187400C0016B7E6 /* UIColorExt.swift */,
				D8F7E3232187ACC30016B7E6 /* EasyConstraintsEx.swift */,
				D8715CC721982E14005D0431 /* MNNavigationControllerExt.swift */,
			);
			path = Extensions;
			sourceTree = "<group>";
		};
		D8F7E31E218749870016B7E6 /* OnBoarding */ = {
			isa = PBXGroup;
			children = (
				D8F7E31C218747880016B7E6 /* OnBoardingPageCell.swift */,
			);
			path = OnBoarding;
			sourceTree = "<group>";
		};
		D8F7E31F218749F80016B7E6 /* CustomComponents */ = {
			isa = PBXGroup;
			children = (
				D8F7E32021874A750016B7E6 /* MNCollectionViewCell.swift */,
				D811658B218EFB8B0086C778 /* MNViewController.swift */,
				D811658F219129760086C778 /* FBLoginButton.swift */,
			);
			path = CustomComponents;
			sourceTree = "<group>";
		};
		DFE373F51A58E5485003B9E4 /* Frameworks */ = {
			isa = PBXGroup;
			children = (
				0DF80E2DD074BAF0241E995F /* Pods_Movie_Night.framework */,
			);
			name = Frameworks;
			sourceTree = "<group>";
		};
/* End PBXGroup section */

/* Begin PBXNativeTarget section */
		D8949FCB21871DCC00A549B5 /* Movie Night */ = {
			isa = PBXNativeTarget;
			buildConfigurationList = D8949FDE21871DCE00A549B5 /* Build configuration list for PBXNativeTarget "Movie Night" */;
			buildPhases = (
				B4F555088836F0B8C44120F0 /* [CP] Check Pods Manifest.lock */,
				D8949FC821871DCC00A549B5 /* Sources */,
				D8949FC921871DCC00A549B5 /* Frameworks */,
				D8949FCA21871DCC00A549B5 /* Resources */,
				264DB77351FB72E025865026 /* [CP] Embed Pods Frameworks */,
			);
			buildRules = (
			);
			dependencies = (
			);
			name = "Movie Night";
			productName = "Movie Night";
			productReference = D8949FCC21871DCC00A549B5 /* Movie Night.app */;
			productType = "com.apple.product-type.application";
		};
/* End PBXNativeTarget section */

/* Begin PBXProject section */
		D8949FC421871DCC00A549B5 /* Project object */ = {
			isa = PBXProject;
			attributes = {
				LastSwiftUpdateCheck = 1000;
				LastUpgradeCheck = 1000;
				ORGANIZATIONNAME = UsefDev;
				TargetAttributes = {
					D8949FCB21871DCC00A549B5 = {
						CreatedOnToolsVersion = 10.0;
					};
				};
			};
			buildConfigurationList = D8949FC721871DCC00A549B5 /* Build configuration list for PBXProject "Movie Night" */;
			compatibilityVersion = "Xcode 9.3";
			developmentRegion = en;
			hasScannedForEncodings = 0;
			knownRegions = (
				en,
				Base,
			);
			mainGroup = D8949FC321871DCC00A549B5;
			productRefGroup = D8949FCD21871DCC00A549B5 /* Products */;
			projectDirPath = "";
			projectRoot = "";
			targets = (
				D8949FCB21871DCC00A549B5 /* Movie Night */,
			);
		};
/* End PBXProject section */

/* Begin PBXResourcesBuildPhase section */
		D8949FCA21871DCC00A549B5 /* Resources */ = {
			isa = PBXResourcesBuildPhase;
			buildActionMask = 2147483647;
			files = (
				D8949FDA21871DCE00A549B5 /* LaunchScreen.storyboard in Resources */,
				D8949FD721871DCE00A549B5 /* Assets.xcassets in Resources */,
			);
			runOnlyForDeploymentPostprocessing = 0;
		};
/* End PBXResourcesBuildPhase section */

/* Begin PBXShellScriptBuildPhase section */
		264DB77351FB72E025865026 /* [CP] Embed Pods Frameworks */ = {
			isa = PBXShellScriptBuildPhase;
			buildActionMask = 2147483647;
			files = (
			);
			inputPaths = (
				"${SRCROOT}/Pods/Target Support Files/Pods-Movie Night/Pods-Movie Night-frameworks.sh",
				"${BUILT_PRODUCTS_DIR}/Alamofire/Alamofire.framework",
			);
			name = "[CP] Embed Pods Frameworks";
			outputPaths = (
				"${TARGET_BUILD_DIR}/${FRAMEWORKS_FOLDER_PATH}/Alamofire.framework",
			);
			runOnlyForDeploymentPostprocessing = 0;
			shellPath = /bin/sh;
			shellScript = "\"${SRCROOT}/Pods/Target Support Files/Pods-Movie Night/Pods-Movie Night-frameworks.sh\"\n";
			showEnvVarsInLog = 0;
		};
		B4F555088836F0B8C44120F0 /* [CP] Check Pods Manifest.lock */ = {
			isa = PBXShellScriptBuildPhase;
			buildActionMask = 2147483647;
			files = (
			);
			inputPaths = (
				"${PODS_PODFILE_DIR_PATH}/Podfile.lock",
				"${PODS_ROOT}/Manifest.lock",
			);
			name = "[CP] Check Pods Manifest.lock";
			outputPaths = (
				"$(DERIVED_FILE_DIR)/Pods-Movie Night-checkManifestLockResult.txt",
			);
			runOnlyForDeploymentPostprocessing = 0;
			shellPath = /bin/sh;
			shellScript = "diff \"${PODS_PODFILE_DIR_PATH}/Podfile.lock\" \"${PODS_ROOT}/Manifest.lock\" > /dev/null\nif [ $? != 0 ] ; then\n    # print error to STDERR\n    echo \"error: The sandbox is not in sync with the Podfile.lock. Run 'pod install' or update your CocoaPods installation.\" >&2\n    exit 1\nfi\n# This output is used by Xcode 'outputs' to avoid re-running this script phase.\necho \"SUCCESS\" > \"${SCRIPT_OUTPUT_FILE_0}\"\n";
			showEnvVarsInLog = 0;
		};
/* End PBXShellScriptBuildPhase section */

/* Begin PBXSourcesBuildPhase section */
		D8949FC821871DCC00A549B5 /* Sources */ = {
			isa = PBXSourcesBuildPhase;
			buildActionMask = 2147483647;
			files = (
				D811658A218EF7840086C778 /* OnboardingIntroTextModel.swift in Sources */,
				D8F7E32121874A750016B7E6 /* MNCollectionViewCell.swift in Sources */,
				D8F7E3242187ACC30016B7E6 /* EasyConstraintsEx.swift in Sources */,
				D8F7E31B2187400C0016B7E6 /* UIColorExt.swift in Sources */,
				D8715CC821982E14005D0431 /* MNNavigationControllerExt.swift in Sources */,
				D8949FD021871DCC00A549B5 /* AppDelegate.swift in Sources */,
				D8949FEA21872E3100A549B5 /* OnBoardingController.swift in Sources */,
				D811658C218EFB8B0086C778 /* MNViewController.swift in Sources */,
				D8116590219129760086C778 /* FBLoginButton.swift in Sources */,
				D8F7E31D218747880016B7E6 /* OnBoardingPageCell.swift in Sources */,
			);
			runOnlyForDeploymentPostprocessing = 0;
		};
/* End PBXSourcesBuildPhase section */

/* Begin PBXVariantGroup section */
		D8949FD821871DCE00A549B5 /* LaunchScreen.storyboard */ = {
			isa = PBXVariantGroup;
			children = (
				D8949FD921871DCE00A549B5 /* Base */,
			);
			name = LaunchScreen.storyboard;
			sourceTree = "<group>";
		};
/* End PBXVariantGroup section */

/* Begin XCBuildConfiguration section */
		D8949FDC21871DCE00A549B5 /* Debug */ = {
			isa = XCBuildConfiguration;
			buildSettings = {
				ALWAYS_SEARCH_USER_PATHS = NO;
				CLANG_ANALYZER_NONNULL = YES;
				CLANG_ANALYZER_NUMBER_OBJECT_CONVERSION = YES_AGGRESSIVE;
				CLANG_CXX_LANGUAGE_STANDARD = "gnu++14";
				CLANG_CXX_LIBRARY = "libc++";
				CLANG_ENABLE_MODULES = YES;
				CLANG_ENABLE_OBJC_ARC = YES;
				CLANG_ENABLE_OBJC_WEAK = YES;
				CLANG_WARN_BLOCK_CAPTURE_AUTORELEASING = YES;
				CLANG_WARN_BOOL_CONVERSION = YES;
				CLANG_WARN_COMMA = YES;
				CLANG_WARN_CONSTANT_CONVERSION = YES;
				CLANG_WARN_DEPRECATED_OBJC_IMPLEMENTATIONS = YES;
				CLANG_WARN_DIRECT_OBJC_ISA_USAGE = YES_ERROR;
				CLANG_WARN_DOCUMENTATION_COMMENTS = YES;
				CLANG_WARN_EMPTY_BODY = YES;
				CLANG_WARN_ENUM_CONVERSION = YES;
				CLANG_WARN_INFINITE_RECURSION = YES;
				CLANG_WARN_INT_CONVERSION = YES;
				CLANG_WARN_NON_LITERAL_NULL_CONVERSION = YES;
				CLANG_WARN_OBJC_IMPLICIT_RETAIN_SELF = YES;
				CLANG_WARN_OBJC_LITERAL_CONVERSION = YES;
				CLANG_WARN_OBJC_ROOT_CLASS = YES_ERROR;
				CLANG_WARN_RANGE_LOOP_ANALYSIS = YES;
				CLANG_WARN_STRICT_PROTOTYPES = YES;
				CLANG_WARN_SUSPICIOUS_MOVE = YES;
				CLANG_WARN_UNGUARDED_AVAILABILITY = YES_AGGRESSIVE;
				CLANG_WARN_UNREACHABLE_CODE = YES;
				CLANG_WARN__DUPLICATE_METHOD_MATCH = YES;
				CODE_SIGN_IDENTITY = "iPhone Developer";
				COPY_PHASE_STRIP = NO;
				DEBUG_INFORMATION_FORMAT = dwarf;
				ENABLE_STRICT_OBJC_MSGSEND = YES;
				ENABLE_TESTABILITY = YES;
				GCC_C_LANGUAGE_STANDARD = gnu11;
				GCC_DYNAMIC_NO_PIC = NO;
				GCC_NO_COMMON_BLOCKS = YES;
				GCC_OPTIMIZATION_LEVEL = 0;
				GCC_PREPROCESSOR_DEFINITIONS = (
					"DEBUG=1",
					"$(inherited)",
				);
				GCC_WARN_64_TO_32_BIT_CONVERSION = YES;
				GCC_WARN_ABOUT_RETURN_TYPE = YES_ERROR;
				GCC_WARN_UNDECLARED_SELECTOR = YES;
				GCC_WARN_UNINITIALIZED_AUTOS = YES_AGGRESSIVE;
				GCC_WARN_UNUSED_FUNCTION = YES;
				GCC_WARN_UNUSED_VARIABLE = YES;
				IPHONEOS_DEPLOYMENT_TARGET = 12.0;
				MTL_ENABLE_DEBUG_INFO = INCLUDE_SOURCE;
				MTL_FAST_MATH = YES;
				ONLY_ACTIVE_ARCH = YES;
				SDKROOT = iphoneos;
				SWIFT_ACTIVE_COMPILATION_CONDITIONS = DEBUG;
				SWIFT_OPTIMIZATION_LEVEL = "-Onone";
			};
			name = Debug;
		};
		D8949FDD21871DCE00A549B5 /* Release */ = {
			isa = XCBuildConfiguration;
			buildSettings = {
				ALWAYS_SEARCH_USER_PATHS = NO;
				CLANG_ANALYZER_NONNULL = YES;
				CLANG_ANALYZER_NUMBER_OBJECT_CONVERSION = YES_AGGRESSIVE;
				CLANG_CXX_LANGUAGE_STANDARD = "gnu++14";
				CLANG_CXX_LIBRARY = "libc++";
				CLANG_ENABLE_MODULES = YES;
				CLANG_ENABLE_OBJC_ARC = YES;
				CLANG_ENABLE_OBJC_WEAK = YES;
				CLANG_WARN_BLOCK_CAPTURE_AUTORELEASING = YES;
				CLANG_WARN_BOOL_CONVERSION = YES;
				CLANG_WARN_COMMA = YES;
				CLANG_WARN_CONSTANT_CONVERSION = YES;
				CLANG_WARN_DEPRECATED_OBJC_IMPLEMENTATIONS = YES;
				CLANG_WARN_DIRECT_OBJC_ISA_USAGE = YES_ERROR;
				CLANG_WARN_DOCUMENTATION_COMMENTS = YES;
				CLANG_WARN_EMPTY_BODY = YES;
				CLANG_WARN_ENUM_CONVERSION = YES;
				CLANG_WARN_INFINITE_RECURSION = YES;
				CLANG_WARN_INT_CONVERSION = YES;
				CLANG_WARN_NON_LITERAL_NULL_CONVERSION = YES;
				CLANG_WARN_OBJC_IMPLICIT_RETAIN_SELF = YES;
				CLANG_WARN_OBJC_LITERAL_CONVERSION = YES;
				CLANG_WARN_OBJC_ROOT_CLASS = YES_ERROR;
				CLANG_WARN_RANGE_LOOP_ANALYSIS = YES;
				CLANG_WARN_STRICT_PROTOTYPES = YES;
				CLANG_WARN_SUSPICIOUS_MOVE = YES;
				CLANG_WARN_UNGUARDED_AVAILABILITY = YES_AGGRESSIVE;
				CLANG_WARN_UNREACHABLE_CODE = YES;
				CLANG_WARN__DUPLICATE_METHOD_MATCH = YES;
				CODE_SIGN_IDENTITY = "iPhone Developer";
				COPY_PHASE_STRIP = NO;
				DEBUG_INFORMATION_FORMAT = "dwarf-with-dsym";
				ENABLE_NS_ASSERTIONS = NO;
				ENABLE_STRICT_OBJC_MSGSEND = YES;
				GCC_C_LANGUAGE_STANDARD = gnu11;
				GCC_NO_COMMON_BLOCKS = YES;
				GCC_WARN_64_TO_32_BIT_CONVERSION = YES;
				GCC_WARN_ABOUT_RETURN_TYPE = YES_ERROR;
				GCC_WARN_UNDECLARED_SELECTOR = YES;
				GCC_WARN_UNINITIALIZED_AUTOS = YES_AGGRESSIVE;
				GCC_WARN_UNUSED_FUNCTION = YES;
				GCC_WARN_UNUSED_VARIABLE = YES;
				IPHONEOS_DEPLOYMENT_TARGET = 12.0;
				MTL_ENABLE_DEBUG_INFO = NO;
				MTL_FAST_MATH = YES;
				SDKROOT = iphoneos;
				SWIFT_COMPILATION_MODE = wholemodule;
				SWIFT_OPTIMIZATION_LEVEL = "-O";
				VALIDATE_PRODUCT = YES;
			};
			name = Release;
		};
		D8949FDF21871DCE00A549B5 /* Debug */ = {
			isa = XCBuildConfiguration;
			baseConfigurationReference = C1C0BF42E0FD1C02FECDB888 /* Pods-Movie Night.debug.xcconfig */;
			buildSettings = {
				ASSETCATALOG_COMPILER_APPICON_NAME = AppIcon;
				CODE_SIGN_STYLE = Automatic;
				DEVELOPMENT_TEAM = T448CTU295;
				INFOPLIST_FILE = "Movie Night/Info.plist";
				LD_RUNPATH_SEARCH_PATHS = (
					"$(inherited)",
					"@executable_path/Frameworks",
				);
				PRODUCT_BUNDLE_IDENTIFIER = "com.UsefDev.Movie-Night";
				PRODUCT_NAME = "$(TARGET_NAME)";
				SWIFT_VERSION = 4.2;
				TARGETED_DEVICE_FAMILY = "1,2";
			};
			name = Debug;
		};
		D8949FE021871DCE00A549B5 /* Release */ = {
			isa = XCBuildConfiguration;
			baseConfigurationReference = 1311163C16887FE599DFE855 /* Pods-Movie Night.release.xcconfig */;
			buildSettings = {
				ASSETCATALOG_COMPILER_APPICON_NAME = AppIcon;
				CODE_SIGN_STYLE = Automatic;
				DEVELOPMENT_TEAM = T448CTU295;
				INFOPLIST_FILE = "Movie Night/Info.plist";
				LD_RUNPATH_SEARCH_PATHS = (
					"$(inherited)",
					"@executable_path/Frameworks",
				);
				PRODUCT_BUNDLE_IDENTIFIER = "com.UsefDev.Movie-Night";
				PRODUCT_NAME = "$(TARGET_NAME)";
				SWIFT_VERSION = 4.2;
				TARGETED_DEVICE_FAMILY = "1,2";
			};
			name = Release;
		};
/* End XCBuildConfiguration section */

/* Begin XCConfigurationList section */
		D8949FC721871DCC00A549B5 /* Build configuration list for PBXProject "Movie Night" */ = {
			isa = XCConfigurationList;
			buildConfigurations = (
				D8949FDC21871DCE00A549B5 /* Debug */,
				D8949FDD21871DCE00A549B5 /* Release */,
			);
			defaultConfigurationIsVisible = 0;
			defaultConfigurationName = Release;
		};
		D8949FDE21871DCE00A549B5 /* Build configuration list for PBXNativeTarget "Movie Night" */ = {
			isa = XCConfigurationList;
			buildConfigurations = (
				D8949FDF21871DCE00A549B5 /* Debug */,
				D8949FE021871DCE00A549B5 /* Release */,
			);
			defaultConfigurationIsVisible = 0;
			defaultConfigurationName = Release;
		};
/* End XCConfigurationList section */
	};
	rootObject = D8949FC421871DCC00A549B5 /* Project object */;
}
