// !$*UTF8*$!
{
	archiveVersion = 1;
	classes = {
	};
	objectVersion = 50;
	objects = {

/* Begin PBXBuildFile section */
		CF8027CAE0C640E37DBB8C5D /* Pods_Movie_Night.framework in Frameworks */ = {isa = PBXBuildFile; fileRef = 0DF80E2DD074BAF0241E995F /* Pods_Movie_Night.framework */; };
		D8102B5621B460F800D7D767 /* CellsReuseIdentifiers.swift in Sources */ = {isa = PBXBuildFile; fileRef = D8102B5521B460F800D7D767 /* CellsReuseIdentifiers.swift */; };
		D8102B5821B7049F00D7D767 /* MNCollectionViewController.swift in Sources */ = {isa = PBXBuildFile; fileRef = D8102B5721B7049F00D7D767 /* MNCollectionViewController.swift */; };
		D8102B5B21BB048100D7D767 /* MovieViewModel.swift in Sources */ = {isa = PBXBuildFile; fileRef = D8102B5A21BB048100D7D767 /* MovieViewModel.swift */; };
		D8102B5D21BB10FC00D7D767 /* HomeCollectionHeaderView.swift in Sources */ = {isa = PBXBuildFile; fileRef = D8102B5C21BB10FC00D7D767 /* HomeCollectionHeaderView.swift */; };
		D8102B5F21BB15D100D7D767 /* MNCollectionType.swift in Sources */ = {isa = PBXBuildFile; fileRef = D8102B5E21BB15D100D7D767 /* MNCollectionType.swift */; };
		D8102B6221BD21B400D7D767 /* TVHomeController.swift in Sources */ = {isa = PBXBuildFile; fileRef = D8102B6121BD21B400D7D767 /* TVHomeController.swift */; };
		D8102B6421BD23C800D7D767 /* TV.swift in Sources */ = {isa = PBXBuildFile; fileRef = D8102B6321BD23C800D7D767 /* TV.swift */; };
		D8102B6621BD265800D7D767 /* TVRequestedPage.swift in Sources */ = {isa = PBXBuildFile; fileRef = D8102B6521BD265800D7D767 /* TVRequestedPage.swift */; };
		D8102B6821BD8F8300D7D767 /* TVViewModel.swift in Sources */ = {isa = PBXBuildFile; fileRef = D8102B6721BD8F8300D7D767 /* TVViewModel.swift */; };
		D8102B6C21BD9BE300D7D767 /* TVHomeCollectionController.swift in Sources */ = {isa = PBXBuildFile; fileRef = D8102B6B21BD9BE300D7D767 /* TVHomeCollectionController.swift */; };
		D811658A218EF7840086C778 /* OnboardingIntroTextModel.swift in Sources */ = {isa = PBXBuildFile; fileRef = D8116589218EF7840086C778 /* OnboardingIntroTextModel.swift */; };
		D811658C218EFB8B0086C778 /* MNViewController.swift in Sources */ = {isa = PBXBuildFile; fileRef = D811658B218EFB8B0086C778 /* MNViewController.swift */; };
		D8116590219129760086C778 /* MNFBLoginButton.swift in Sources */ = {isa = PBXBuildFile; fileRef = D811658F219129760086C778 /* MNFBLoginButton.swift */; };
		D815A7F021B119D300B09FB2 /* HomeBuilder.swift in Sources */ = {isa = PBXBuildFile; fileRef = D815A7EF21B119D300B09FB2 /* HomeBuilder.swift */; };
		D815A7F521B11A6200B09FB2 /* HomeBuilderDelegate.swift in Sources */ = {isa = PBXBuildFile; fileRef = D815A7F421B11A6200B09FB2 /* HomeBuilderDelegate.swift */; };
		D815A7FA21B120E300B09FB2 /* MNUIView.swift in Sources */ = {isa = PBXBuildFile; fileRef = D815A7F921B120E300B09FB2 /* MNUIView.swift */; };
		D815A80021B1BD9F00B09FB2 /* MoviesHomeCollectionController.swift in Sources */ = {isa = PBXBuildFile; fileRef = D815A7FF21B1BD9F00B09FB2 /* MoviesHomeCollectionController.swift */; };
		D815A80221B1C38100B09FB2 /* HomeCollectionCell.swift in Sources */ = {isa = PBXBuildFile; fileRef = D815A80121B1C38100B09FB2 /* HomeCollectionCell.swift */; };
		D85D7D9521AAC69400C1BCFF /* DashboardTabBarController.swift in Sources */ = {isa = PBXBuildFile; fileRef = D85D7D9421AAC69400C1BCFF /* DashboardTabBarController.swift */; };
		D85D7D9821ADE5DA00C1BCFF /* Movie.swift in Sources */ = {isa = PBXBuildFile; fileRef = D85D7D9721ADE5DA00C1BCFF /* Movie.swift */; };
		D85D7D9A21ADE7E800C1BCFF /* MoviesRequestedPage.swift in Sources */ = {isa = PBXBuildFile; fileRef = D85D7D9921ADE7E800C1BCFF /* MoviesRequestedPage.swift */; };
		D872C5C1219CAFF400807169 /* LoginProfileSetupController.swift in Sources */ = {isa = PBXBuildFile; fileRef = D872C5C0219CAFF400807169 /* LoginProfileSetupController.swift */; };
		D872C5C4219EEFC300807169 /* UIPadding.swift in Sources */ = {isa = PBXBuildFile; fileRef = D872C5C3219EEFC300807169 /* UIPadding.swift */; };
		D872C5C6219F4FB600807169 /* MNButton.swift in Sources */ = {isa = PBXBuildFile; fileRef = D872C5C5219F4FB600807169 /* MNButton.swift */; };
		D872C5CC219F50A400807169 /* BLMultiColorLoader.m in Sources */ = {isa = PBXBuildFile; fileRef = D872C5CB219F50A300807169 /* BLMultiColorLoader.m */; };
		D872C5D1219F5CA000807169 /* AppManager.swift in Sources */ = {isa = PBXBuildFile; fileRef = D872C5D0219F5CA000807169 /* AppManager.swift */; };
		D872C5D3219F5D1100807169 /* FirebaseManager.swift in Sources */ = {isa = PBXBuildFile; fileRef = D872C5D2219F5D1100807169 /* FirebaseManager.swift */; };
		D872C5D621A0284D00807169 /* MNFBLoginButtonDelegate.swift in Sources */ = {isa = PBXBuildFile; fileRef = D872C5D521A0284D00807169 /* MNFBLoginButtonDelegate.swift */; };
		D872C5D921A0309A00807169 /* LoginProfileViewModel.swift in Sources */ = {isa = PBXBuildFile; fileRef = D872C5D821A0309A00807169 /* LoginProfileViewModel.swift */; };
		D87CA18E21A1597900143DC3 /* MNNavigationController.swift in Sources */ = {isa = PBXBuildFile; fileRef = D87CA18D21A1597900143DC3 /* MNNavigationController.swift */; };
		D892902A21BDC06A00ADFE71 /* MoviesListController.swift in Sources */ = {isa = PBXBuildFile; fileRef = D892902921BDC06A00ADFE71 /* MoviesListController.swift */; };
		D892902D21BDC2A400ADFE71 /* ListCollectionViewCell.swift in Sources */ = {isa = PBXBuildFile; fileRef = D892902C21BDC2A400ADFE71 /* ListCollectionViewCell.swift */; };
		D8949FD021871DCC00A549B5 /* AppDelegate.swift in Sources */ = {isa = PBXBuildFile; fileRef = D8949FCF21871DCC00A549B5 /* AppDelegate.swift */; };
		D8949FD721871DCE00A549B5 /* Assets.xcassets in Resources */ = {isa = PBXBuildFile; fileRef = D8949FD621871DCE00A549B5 /* Assets.xcassets */; };
		D8949FDA21871DCE00A549B5 /* LaunchScreen.storyboard in Resources */ = {isa = PBXBuildFile; fileRef = D8949FD821871DCE00A549B5 /* LaunchScreen.storyboard */; };
		D8949FEA21872E3100A549B5 /* OnBoardingController.swift in Sources */ = {isa = PBXBuildFile; fileRef = D8949FE921872E3100A549B5 /* OnBoardingController.swift */; };
		D8A006CC219A2206004EC041 /* UserModel.swift in Sources */ = {isa = PBXBuildFile; fileRef = D8A006CB219A2206004EC041 /* UserModel.swift */; };
		D8A2A01F2198CA0F0048D414 /* APIManager.swift in Sources */ = {isa = PBXBuildFile; fileRef = D8A2A01E2198CA0F0048D414 /* APIManager.swift */; };
		D8A2A0212198CB3A0048D414 /* GoogleService-Info.plist in Resources */ = {isa = PBXBuildFile; fileRef = D8A2A0202198CB3A0048D414 /* GoogleService-Info.plist */; };
		D8A2A0232198CFAF0048D414 /* FaceBookManager.swift in Sources */ = {isa = PBXBuildFile; fileRef = D8A2A0222198CFAF0048D414 /* FaceBookManager.swift */; };
		D8D4FEFF21A499A200609D24 /* MovieHomeController.swift in Sources */ = {isa = PBXBuildFile; fileRef = D8D4FEFE21A499A200609D24 /* MovieHomeController.swift */; };
		D8F7E31B2187400C0016B7E6 /* UIColorExt.swift in Sources */ = {isa = PBXBuildFile; fileRef = D8F7E31A2187400C0016B7E6 /* UIColorExt.swift */; };
		D8F7E31D218747880016B7E6 /* OnBoardingPageCell.swift in Sources */ = {isa = PBXBuildFile; fileRef = D8F7E31C218747880016B7E6 /* OnBoardingPageCell.swift */; };
		D8F7E32121874A750016B7E6 /* MNCollectionViewCell.swift in Sources */ = {isa = PBXBuildFile; fileRef = D8F7E32021874A750016B7E6 /* MNCollectionViewCell.swift */; };
		D8F7E3242187ACC30016B7E6 /* EasyConstraintsEx.swift in Sources */ = {isa = PBXBuildFile; fileRef = D8F7E3232187ACC30016B7E6 /* EasyConstraintsEx.swift */; };
/* End PBXBuildFile section */

/* Begin PBXFileReference section */
		0DF80E2DD074BAF0241E995F /* Pods_Movie_Night.framework */ = {isa = PBXFileReference; explicitFileType = wrapper.framework; includeInIndex = 0; path = Pods_Movie_Night.framework; sourceTree = BUILT_PRODUCTS_DIR; };
		1311163C16887FE599DFE855 /* Pods-Movie Night.release.xcconfig */ = {isa = PBXFileReference; includeInIndex = 1; lastKnownFileType = text.xcconfig; name = "Pods-Movie Night.release.xcconfig"; path = "Pods/Target Support Files/Pods-Movie Night/Pods-Movie Night.release.xcconfig"; sourceTree = "<group>"; };
		C1C0BF42E0FD1C02FECDB888 /* Pods-Movie Night.debug.xcconfig */ = {isa = PBXFileReference; includeInIndex = 1; lastKnownFileType = text.xcconfig; name = "Pods-Movie Night.debug.xcconfig"; path = "Pods/Target Support Files/Pods-Movie Night/Pods-Movie Night.debug.xcconfig"; sourceTree = "<group>"; };
		D8102B5521B460F800D7D767 /* CellsReuseIdentifiers.swift */ = {isa = PBXFileReference; lastKnownFileType = sourcecode.swift; path = CellsReuseIdentifiers.swift; sourceTree = "<group>"; };
		D8102B5721B7049F00D7D767 /* MNCollectionViewController.swift */ = {isa = PBXFileReference; lastKnownFileType = sourcecode.swift; path = MNCollectionViewController.swift; sourceTree = "<group>"; };
		D8102B5A21BB048100D7D767 /* MovieViewModel.swift */ = {isa = PBXFileReference; lastKnownFileType = sourcecode.swift; path = MovieViewModel.swift; sourceTree = "<group>"; };
		D8102B5C21BB10FC00D7D767 /* HomeCollectionHeaderView.swift */ = {isa = PBXFileReference; lastKnownFileType = sourcecode.swift; path = HomeCollectionHeaderView.swift; sourceTree = "<group>"; };
		D8102B5E21BB15D100D7D767 /* MNCollectionType.swift */ = {isa = PBXFileReference; lastKnownFileType = sourcecode.swift; path = MNCollectionType.swift; sourceTree = "<group>"; };
		D8102B6121BD21B400D7D767 /* TVHomeController.swift */ = {isa = PBXFileReference; lastKnownFileType = sourcecode.swift; path = TVHomeController.swift; sourceTree = "<group>"; };
		D8102B6321BD23C800D7D767 /* TV.swift */ = {isa = PBXFileReference; lastKnownFileType = sourcecode.swift; path = TV.swift; sourceTree = "<group>"; };
		D8102B6521BD265800D7D767 /* TVRequestedPage.swift */ = {isa = PBXFileReference; lastKnownFileType = sourcecode.swift; path = TVRequestedPage.swift; sourceTree = "<group>"; };
		D8102B6721BD8F8300D7D767 /* TVViewModel.swift */ = {isa = PBXFileReference; lastKnownFileType = sourcecode.swift; path = TVViewModel.swift; sourceTree = "<group>"; };
		D8102B6B21BD9BE300D7D767 /* TVHomeCollectionController.swift */ = {isa = PBXFileReference; lastKnownFileType = sourcecode.swift; path = TVHomeCollectionController.swift; sourceTree = "<group>"; };
		D8116589218EF7840086C778 /* OnboardingIntroTextModel.swift */ = {isa = PBXFileReference; lastKnownFileType = sourcecode.swift; path = OnboardingIntroTextModel.swift; sourceTree = "<group>"; };
		D811658B218EFB8B0086C778 /* MNViewController.swift */ = {isa = PBXFileReference; lastKnownFileType = sourcecode.swift; path = MNViewController.swift; sourceTree = "<group>"; };
		D811658F219129760086C778 /* MNFBLoginButton.swift */ = {isa = PBXFileReference; lastKnownFileType = sourcecode.swift; path = MNFBLoginButton.swift; sourceTree = "<group>"; };
		D815A7EF21B119D300B09FB2 /* HomeBuilder.swift */ = {isa = PBXFileReference; lastKnownFileType = sourcecode.swift; path = HomeBuilder.swift; sourceTree = "<group>"; };
		D815A7F421B11A6200B09FB2 /* HomeBuilderDelegate.swift */ = {isa = PBXFileReference; lastKnownFileType = sourcecode.swift; path = HomeBuilderDelegate.swift; sourceTree = "<group>"; };
		D815A7F921B120E300B09FB2 /* MNUIView.swift */ = {isa = PBXFileReference; lastKnownFileType = sourcecode.swift; path = MNUIView.swift; sourceTree = "<group>"; };
		D815A7FF21B1BD9F00B09FB2 /* MoviesHomeCollectionController.swift */ = {isa = PBXFileReference; lastKnownFileType = sourcecode.swift; path = MoviesHomeCollectionController.swift; sourceTree = "<group>"; };
		D815A80121B1C38100B09FB2 /* HomeCollectionCell.swift */ = {isa = PBXFileReference; lastKnownFileType = sourcecode.swift; path = HomeCollectionCell.swift; sourceTree = "<group>"; };
		D85D7D9421AAC69400C1BCFF /* DashboardTabBarController.swift */ = {isa = PBXFileReference; lastKnownFileType = sourcecode.swift; path = DashboardTabBarController.swift; sourceTree = "<group>"; };
		D85D7D9721ADE5DA00C1BCFF /* Movie.swift */ = {isa = PBXFileReference; lastKnownFileType = sourcecode.swift; path = Movie.swift; sourceTree = "<group>"; };
		D85D7D9921ADE7E800C1BCFF /* MoviesRequestedPage.swift */ = {isa = PBXFileReference; lastKnownFileType = sourcecode.swift; path = MoviesRequestedPage.swift; sourceTree = "<group>"; };
		D872C5C0219CAFF400807169 /* LoginProfileSetupController.swift */ = {isa = PBXFileReference; lastKnownFileType = sourcecode.swift; path = LoginProfileSetupController.swift; sourceTree = "<group>"; };
		D872C5C3219EEFC300807169 /* UIPadding.swift */ = {isa = PBXFileReference; lastKnownFileType = sourcecode.swift; path = UIPadding.swift; sourceTree = "<group>"; };
		D872C5C5219F4FB600807169 /* MNButton.swift */ = {isa = PBXFileReference; lastKnownFileType = sourcecode.swift; path = MNButton.swift; sourceTree = "<group>"; };
		D872C5CA219F50A300807169 /* BLMultiColorLoader.h */ = {isa = PBXFileReference; fileEncoding = 4; lastKnownFileType = sourcecode.c.h; path = BLMultiColorLoader.h; sourceTree = "<group>"; };
		D872C5CB219F50A300807169 /* BLMultiColorLoader.m */ = {isa = PBXFileReference; fileEncoding = 4; lastKnownFileType = sourcecode.c.objc; path = BLMultiColorLoader.m; sourceTree = "<group>"; };
		D872C5CF219F54B800807169 /* MoviewNight-Bridging-Header.h */ = {isa = PBXFileReference; lastKnownFileType = sourcecode.c.h; path = "MoviewNight-Bridging-Header.h"; sourceTree = "<group>"; };
		D872C5D0219F5CA000807169 /* AppManager.swift */ = {isa = PBXFileReference; lastKnownFileType = sourcecode.swift; path = AppManager.swift; sourceTree = "<group>"; };
		D872C5D2219F5D1100807169 /* FirebaseManager.swift */ = {isa = PBXFileReference; lastKnownFileType = sourcecode.swift; path = FirebaseManager.swift; sourceTree = "<group>"; };
		D872C5D521A0284D00807169 /* MNFBLoginButtonDelegate.swift */ = {isa = PBXFileReference; lastKnownFileType = sourcecode.swift; path = MNFBLoginButtonDelegate.swift; sourceTree = "<group>"; };
		D872C5D821A0309A00807169 /* LoginProfileViewModel.swift */ = {isa = PBXFileReference; lastKnownFileType = sourcecode.swift; path = LoginProfileViewModel.swift; sourceTree = "<group>"; };
		D87CA18D21A1597900143DC3 /* MNNavigationController.swift */ = {isa = PBXFileReference; lastKnownFileType = sourcecode.swift; path = MNNavigationController.swift; sourceTree = "<group>"; };
		D892902921BDC06A00ADFE71 /* MoviesListController.swift */ = {isa = PBXFileReference; lastKnownFileType = sourcecode.swift; path = MoviesListController.swift; sourceTree = "<group>"; };
		D892902C21BDC2A400ADFE71 /* ListCollectionViewCell.swift */ = {isa = PBXFileReference; lastKnownFileType = sourcecode.swift; path = ListCollectionViewCell.swift; sourceTree = "<group>"; };
		D8949FCC21871DCC00A549B5 /* Movie Night.app */ = {isa = PBXFileReference; explicitFileType = wrapper.application; includeInIndex = 0; path = "Movie Night.app"; sourceTree = BUILT_PRODUCTS_DIR; };
		D8949FCF21871DCC00A549B5 /* AppDelegate.swift */ = {isa = PBXFileReference; lastKnownFileType = sourcecode.swift; path = AppDelegate.swift; sourceTree = "<group>"; };
		D8949FD621871DCE00A549B5 /* Assets.xcassets */ = {isa = PBXFileReference; lastKnownFileType = folder.assetcatalog; path = Assets.xcassets; sourceTree = "<group>"; };
		D8949FD921871DCE00A549B5 /* Base */ = {isa = PBXFileReference; lastKnownFileType = file.storyboard; name = Base; path = Base.lproj/LaunchScreen.storyboard; sourceTree = "<group>"; };
		D8949FDB21871DCE00A549B5 /* Info.plist */ = {isa = PBXFileReference; lastKnownFileType = text.plist.xml; path = Info.plist; sourceTree = "<group>"; };
		D8949FE921872E3100A549B5 /* OnBoardingController.swift */ = {isa = PBXFileReference; lastKnownFileType = sourcecode.swift; path = OnBoardingController.swift; sourceTree = "<group>"; };
		D8A006CB219A2206004EC041 /* UserModel.swift */ = {isa = PBXFileReference; lastKnownFileType = sourcecode.swift; path = UserModel.swift; sourceTree = "<group>"; };
		D8A2A01E2198CA0F0048D414 /* APIManager.swift */ = {isa = PBXFileReference; lastKnownFileType = sourcecode.swift; path = APIManager.swift; sourceTree = "<group>"; };
		D8A2A0202198CB3A0048D414 /* GoogleService-Info.plist */ = {isa = PBXFileReference; fileEncoding = 4; lastKnownFileType = text.plist.xml; path = "GoogleService-Info.plist"; sourceTree = "<group>"; };
		D8A2A0222198CFAF0048D414 /* FaceBookManager.swift */ = {isa = PBXFileReference; lastKnownFileType = sourcecode.swift; path = FaceBookManager.swift; sourceTree = "<group>"; };
		D8D4FEFE21A499A200609D24 /* MovieHomeController.swift */ = {isa = PBXFileReference; lastKnownFileType = sourcecode.swift; path = MovieHomeController.swift; sourceTree = "<group>"; };
		D8F7E31A2187400C0016B7E6 /* UIColorExt.swift */ = {isa = PBXFileReference; lastKnownFileType = sourcecode.swift; path = UIColorExt.swift; sourceTree = "<group>"; };
		D8F7E31C218747880016B7E6 /* OnBoardingPageCell.swift */ = {isa = PBXFileReference; lastKnownFileType = sourcecode.swift; path = OnBoardingPageCell.swift; sourceTree = "<group>"; };
		D8F7E32021874A750016B7E6 /* MNCollectionViewCell.swift */ = {isa = PBXFileReference; lastKnownFileType = sourcecode.swift; path = MNCollectionViewCell.swift; sourceTree = "<group>"; };
		D8F7E3232187ACC30016B7E6 /* EasyConstraintsEx.swift */ = {isa = PBXFileReference; lastKnownFileType = sourcecode.swift; path = EasyConstraintsEx.swift; sourceTree = "<group>"; };
/* End PBXFileReference section */

/* Begin PBXFrameworksBuildPhase section */
		D8949FC921871DCC00A549B5 /* Frameworks */ = {
			isa = PBXFrameworksBuildPhase;
			buildActionMask = 2147483647;
			files = (
				CF8027CAE0C640E37DBB8C5D /* Pods_Movie_Night.framework in Frameworks */,
			);
			runOnlyForDeploymentPostprocessing = 0;
		};
/* End PBXFrameworksBuildPhase section */

/* Begin PBXGroup section */
		B47EF3B4443647B359526626 /* Pods */ = {
			isa = PBXGroup;
			children = (
				C1C0BF42E0FD1C02FECDB888 /* Pods-Movie Night.debug.xcconfig */,
				1311163C16887FE599DFE855 /* Pods-Movie Night.release.xcconfig */,
			);
			name = Pods;
			sourceTree = "<group>";
		};
		D8102B5921BB046A00D7D767 /* Home */ = {
			isa = PBXGroup;
			children = (
				D8102B5A21BB048100D7D767 /* MovieViewModel.swift */,
				D8102B6721BD8F8300D7D767 /* TVViewModel.swift */,
			);
			path = Home;
			sourceTree = "<group>";
		};
		D8102B6021BD219600D7D767 /* TV */ = {
			isa = PBXGroup;
			children = (
				D8102B6121BD21B400D7D767 /* TVHomeController.swift */,
			);
			path = TV;
			sourceTree = "<group>";
		};
		D8116588218EF7430086C778 /* OnBoarding */ = {
			isa = PBXGroup;
			children = (
				D8116589218EF7840086C778 /* OnboardingIntroTextModel.swift */,
			);
			path = OnBoarding;
			sourceTree = "<group>";
		};
		D815A7F121B119F500B09FB2 /* HomeBuilder */ = {
			isa = PBXGroup;
			children = (
				D815A7EF21B119D300B09FB2 /* HomeBuilder.swift */,
				D815A7F421B11A6200B09FB2 /* HomeBuilderDelegate.swift */,
			);
			path = HomeBuilder;
			sourceTree = "<group>";
		};
		D815A7F221B119FF00B09FB2 /* Movies */ = {
			isa = PBXGroup;
			children = (
				D8D4FEFE21A499A200609D24 /* MovieHomeController.swift */,
				D892902921BDC06A00ADFE71 /* MoviesListController.swift */,
			);
			path = Movies;
			sourceTree = "<group>";
		};
		D815A7F321B11A1000B09FB2 /* Dashboard */ = {
			isa = PBXGroup;
			children = (
				D85D7D9421AAC69400C1BCFF /* DashboardTabBarController.swift */,
			);
			path = Dashboard;
			sourceTree = "<group>";
		};
		D815A7F621B1205000B09FB2 /* Home */ = {
			isa = PBXGroup;
			children = (
				D815A80121B1C38100B09FB2 /* HomeCollectionCell.swift */,
				D8102B5C21BB10FC00D7D767 /* HomeCollectionHeaderView.swift */,
			);
			path = Home;
			sourceTree = "<group>";
		};
		D815A7FE21B1BD8E00B09FB2 /* Collections */ = {
			isa = PBXGroup;
			children = (
				D815A7FF21B1BD9F00B09FB2 /* MoviesHomeCollectionController.swift */,
				D8102B6B21BD9BE300D7D767 /* TVHomeCollectionController.swift */,
			);
			path = Collections;
			sourceTree = "<group>";
		};
		D85D7D9621ADE52D00C1BCFF /* Resources */ = {
			isa = PBXGroup;
			children = (
				D85D7D9721ADE5DA00C1BCFF /* Movie.swift */,
				D8102B6321BD23C800D7D767 /* TV.swift */,
				D85D7D9921ADE7E800C1BCFF /* MoviesRequestedPage.swift */,
				D8102B6521BD265800D7D767 /* TVRequestedPage.swift */,
			);
			path = Resources;
			sourceTree = "<group>";
		};
		D872C5BE219CAD8200807169 /* Supers */ = {
			isa = PBXGroup;
			children = (
				D811658B218EFB8B0086C778 /* MNViewController.swift */,
				D87CA18D21A1597900143DC3 /* MNNavigationController.swift */,
				D815A7F921B120E300B09FB2 /* MNUIView.swift */,
				D8102B5721B7049F00D7D767 /* MNCollectionViewController.swift */,
				D8F7E32021874A750016B7E6 /* MNCollectionViewCell.swift */,
				D8102B5E21BB15D100D7D767 /* MNCollectionType.swift */,
			);
			name = Supers;
			sourceTree = "<group>";
		};
		D872C5BF219CAF0A00807169 /* Login&Signup */ = {
			isa = PBXGroup;
			children = (
				D872C5C0219CAFF400807169 /* LoginProfileSetupController.swift */,
			);
			path = "Login&Signup";
			sourceTree = "<group>";
		};
		D872C5C2219EEFA300807169 /* EasyConstaints */ = {
			isa = PBXGroup;
			children = (
				D8F7E3232187ACC30016B7E6 /* EasyConstraintsEx.swift */,
				D872C5C3219EEFC300807169 /* UIPadding.swift */,
			);
			path = EasyConstaints;
			sourceTree = "<group>";
		};
		D872C5C9219F509800807169 /* BLMultiColorLoader */ = {
			isa = PBXGroup;
			children = (
				D872C5CA219F50A300807169 /* BLMultiColorLoader.h */,
				D872C5CB219F50A300807169 /* BLMultiColorLoader.m */,
			);
			path = BLMultiColorLoader;
			sourceTree = "<group>";
		};
		D872C5D421A0283000807169 /* MNFBLoginButton */ = {
			isa = PBXGroup;
			children = (
				D811658F219129760086C778 /* MNFBLoginButton.swift */,
				D872C5D521A0284D00807169 /* MNFBLoginButtonDelegate.swift */,
			);
			path = MNFBLoginButton;
			sourceTree = "<group>";
		};
		D872C5D721A0306100807169 /* Login&Signup */ = {
			isa = PBXGroup;
			children = (
				D872C5D821A0309A00807169 /* LoginProfileViewModel.swift */,
			);
			path = "Login&Signup";
			sourceTree = "<group>";
		};
		D892902B21BDC24D00ADFE71 /* Lists */ = {
			isa = PBXGroup;
			children = (
				D892902C21BDC2A400ADFE71 /* ListCollectionViewCell.swift */,
			);
			path = Lists;
			sourceTree = "<group>";
		};
		D8949FC321871DCC00A549B5 = {
			isa = PBXGroup;
			children = (
				D8949FCE21871DCC00A549B5 /* Movie Night */,
				D8949FCD21871DCC00A549B5 /* Products */,
				B47EF3B4443647B359526626 /* Pods */,
				DFE373F51A58E5485003B9E4 /* Frameworks */,
			);
			sourceTree = "<group>";
		};
		D8949FCD21871DCC00A549B5 /* Products */ = {
			isa = PBXGroup;
			children = (
				D8949FCC21871DCC00A549B5 /* Movie Night.app */,
			);
			name = Products;
			sourceTree = "<group>";
		};
		D8949FCE21871DCC00A549B5 /* Movie Night */ = {
			isa = PBXGroup;
			children = (
				D8949FDB21871DCE00A549B5 /* Info.plist */,
				D8949FCF21871DCC00A549B5 /* AppDelegate.swift */,
				D8949FE521871FFA00A549B5 /* SupportFiles */,
				D8F7E31921873FB70016B7E6 /* Extensions */,
				D8A2A01D2198C9A70048D414 /* Managers */,
				D8F7E31F218749F80016B7E6 /* CustomComponents */,
				D8949FE421871FF700A549B5 /* Models */,
				D8949FE321871FF300A549B5 /* Views */,
				D8949FE221871FF000A549B5 /* ViewModels */,
				D8949FE121871FEB00A549B5 /* Controllers */,
				D872C5BE219CAD8200807169 /* Supers */,
			);
			path = "Movie Night";
			sourceTree = "<group>";
		};
		D8949FE121871FEB00A549B5 /* Controllers */ = {
			isa = PBXGroup;
			children = (
				D8D4FEFD21A4998B00609D24 /* Home */,
				D872C5BF219CAF0A00807169 /* Login&Signup */,
				D8949FE821872DFA00A549B5 /* OnBoarding */,
			);
			name = Controllers;
			path = "New Group";
			sourceTree = "<group>";
		};
		D8949FE221871FF000A549B5 /* ViewModels */ = {
			isa = PBXGroup;
			children = (
				D8102B5921BB046A00D7D767 /* Home */,
				D872C5D721A0306100807169 /* Login&Signup */,
			);
			path = ViewModels;
			sourceTree = "<group>";
		};
		D8949FE321871FF300A549B5 /* Views */ = {
			isa = PBXGroup;
			children = (
				D815A7F621B1205000B09FB2 /* Home */,
				D892902B21BDC24D00ADFE71 /* Lists */,
				D8F7E31E218749870016B7E6 /* OnBoarding */,
			);
			path = Views;
			sourceTree = "<group>";
		};
		D8949FE421871FF700A549B5 /* Models */ = {
			isa = PBXGroup;
			children = (
				D85D7D9621ADE52D00C1BCFF /* Resources */,
				D8A006CA219A21E8004EC041 /* Session */,
				D8116588218EF7430086C778 /* OnBoarding */,
			);
			path = Models;
			sourceTree = "<group>";
		};
		D8949FE521871FFA00A549B5 /* SupportFiles */ = {
			isa = PBXGroup;
			children = (
				D8949FD821871DCE00A549B5 /* LaunchScreen.storyboard */,
				D872C5CF219F54B800807169 /* MoviewNight-Bridging-Header.h */,
				D8A2A0202198CB3A0048D414 /* GoogleService-Info.plist */,
				D8949FD621871DCE00A549B5 /* Assets.xcassets */,
			);
			path = SupportFiles;
			sourceTree = "<group>";
		};
		D8949FE821872DFA00A549B5 /* OnBoarding */ = {
			isa = PBXGroup;
			children = (
				D8949FE921872E3100A549B5 /* OnBoardingController.swift */,
			);
			path = OnBoarding;
			sourceTree = "<group>";
		};
		D8A006CA219A21E8004EC041 /* Session */ = {
			isa = PBXGroup;
			children = (
				D8A006CB219A2206004EC041 /* UserModel.swift */,
			);
			path = Session;
			sourceTree = "<group>";
		};
		D8A2A01D2198C9A70048D414 /* Managers */ = {
			isa = PBXGroup;
			children = (
				D872C5D0219F5CA000807169 /* AppManager.swift */,
				D8A2A01E2198CA0F0048D414 /* APIManager.swift */,
				D8A2A0222198CFAF0048D414 /* FaceBookManager.swift */,
				D872C5D2219F5D1100807169 /* FirebaseManager.swift */,
				D8102B5521B460F800D7D767 /* CellsReuseIdentifiers.swift */,
			);
			path = Managers;
			sourceTree = "<group>";
		};
		D8D4FEFD21A4998B00609D24 /* Home */ = {
			isa = PBXGroup;
			children = (
				D815A7FE21B1BD8E00B09FB2 /* Collections */,
				D815A7F221B119FF00B09FB2 /* Movies */,
				D8102B6021BD219600D7D767 /* TV */,
				D815A7F321B11A1000B09FB2 /* Dashboard */,
				D815A7F121B119F500B09FB2 /* HomeBuilder */,
			);
			path = Home;
			sourceTree = "<group>";
		};
		D8F7E31921873FB70016B7E6 /* Extensions */ = {
			isa = PBXGroup;
			children = (
				D872C5C2219EEFA300807169 /* EasyConstaints */,
				D8F7E31A2187400C0016B7E6 /* UIColorExt.swift */,
			);
			path = Extensions;
			sourceTree = "<group>";
		};
		D8F7E31E218749870016B7E6 /* OnBoarding */ = {
			isa = PBXGroup;
			children = (
				D8F7E31C218747880016B7E6 /* OnBoardingPageCell.swift */,
			);
			path = OnBoarding;
			sourceTree = "<group>";
		};
		D8F7E31F218749F80016B7E6 /* CustomComponents */ = {
			isa = PBXGroup;
			children = (
				D872C5D421A0283000807169 /* MNFBLoginButton */,
				D872C5C9219F509800807169 /* BLMultiColorLoader */,
				D872C5C5219F4FB600807169 /* MNButton.swift */,
			);
			path = CustomComponents;
			sourceTree = "<group>";
		};
		DFE373F51A58E5485003B9E4 /* Frameworks */ = {
			isa = PBXGroup;
			children = (
				0DF80E2DD074BAF0241E995F /* Pods_Movie_Night.framework */,
			);
			name = Frameworks;
			sourceTree = "<group>";
		};
/* End PBXGroup section */

/* Begin PBXNativeTarget section */
		D8949FCB21871DCC00A549B5 /* Movie Night */ = {
			isa = PBXNativeTarget;
			buildConfigurationList = D8949FDE21871DCE00A549B5 /* Build configuration list for PBXNativeTarget "Movie Night" */;
			buildPhases = (
				B4F555088836F0B8C44120F0 /* [CP] Check Pods Manifest.lock */,
				D8949FC821871DCC00A549B5 /* Sources */,
				D8949FC921871DCC00A549B5 /* Frameworks */,
				D8949FCA21871DCC00A549B5 /* Resources */,
				264DB77351FB72E025865026 /* [CP] Embed Pods Frameworks */,
			);
			buildRules = (
			);
			dependencies = (
			);
			name = "Movie Night";
			productName = "Movie Night";
			productReference = D8949FCC21871DCC00A549B5 /* Movie Night.app */;
			productType = "com.apple.product-type.application";
		};
/* End PBXNativeTarget section */

/* Begin PBXProject section */
		D8949FC421871DCC00A549B5 /* Project object */ = {
			isa = PBXProject;
			attributes = {
				LastSwiftUpdateCheck = 1000;
				LastUpgradeCheck = 1000;
				ORGANIZATIONNAME = UsefDev;
				TargetAttributes = {
					D8949FCB21871DCC00A549B5 = {
						CreatedOnToolsVersion = 10.0;
					};
				};
			};
			buildConfigurationList = D8949FC721871DCC00A549B5 /* Build configuration list for PBXProject "Movie Night" */;
			compatibilityVersion = "Xcode 9.3";
			developmentRegion = en;
			hasScannedForEncodings = 0;
			knownRegions = (
				en,
				Base,
			);
			mainGroup = D8949FC321871DCC00A549B5;
			productRefGroup = D8949FCD21871DCC00A549B5 /* Products */;
			projectDirPath = "";
			projectRoot = "";
			targets = (
				D8949FCB21871DCC00A549B5 /* Movie Night */,
			);
		};
/* End PBXProject section */

/* Begin PBXResourcesBuildPhase section */
		D8949FCA21871DCC00A549B5 /* Resources */ = {
			isa = PBXResourcesBuildPhase;
			buildActionMask = 2147483647;
			files = (
				D8949FDA21871DCE00A549B5 /* LaunchScreen.storyboard in Resources */,
				D8949FD721871DCE00A549B5 /* Assets.xcassets in Resources */,
				D8A2A0212198CB3A0048D414 /* GoogleService-Info.plist in Resources */,
			);
			runOnlyForDeploymentPostprocessing = 0;
		};
/* End PBXResourcesBuildPhase section */

/* Begin PBXShellScriptBuildPhase section */
		264DB77351FB72E025865026 /* [CP] Embed Pods Frameworks */ = {
			isa = PBXShellScriptBuildPhase;
			buildActionMask = 2147483647;
			files = (
			);
			inputPaths = (
				"${SRCROOT}/Pods/Target Support Files/Pods-Movie Night/Pods-Movie Night-frameworks.sh",
				"${BUILT_PRODUCTS_DIR}/Alamofire/Alamofire.framework",
				"${BUILT_PRODUCTS_DIR}/Bolts/Bolts.framework",
				"${BUILT_PRODUCTS_DIR}/FBSDKCoreKit/FBSDKCoreKit.framework",
				"${BUILT_PRODUCTS_DIR}/FBSDKLoginKit/FBSDKLoginKit.framework",
				"${BUILT_PRODUCTS_DIR}/GTMSessionFetcher/GTMSessionFetcher.framework",
				"${BUILT_PRODUCTS_DIR}/GoogleUtilities/GoogleUtilities.framework",
				"${BUILT_PRODUCTS_DIR}/SDWebImage/SDWebImage.framework",
				"${BUILT_PRODUCTS_DIR}/leveldb-library/leveldb.framework",
				"${BUILT_PRODUCTS_DIR}/nanopb/nanopb.framework",
			);
			name = "[CP] Embed Pods Frameworks";
			outputPaths = (
				"${TARGET_BUILD_DIR}/${FRAMEWORKS_FOLDER_PATH}/Alamofire.framework",
				"${TARGET_BUILD_DIR}/${FRAMEWORKS_FOLDER_PATH}/Bolts.framework",
				"${TARGET_BUILD_DIR}/${FRAMEWORKS_FOLDER_PATH}/FBSDKCoreKit.framework",
				"${TARGET_BUILD_DIR}/${FRAMEWORKS_FOLDER_PATH}/FBSDKLoginKit.framework",
				"${TARGET_BUILD_DIR}/${FRAMEWORKS_FOLDER_PATH}/GTMSessionFetcher.framework",
				"${TARGET_BUILD_DIR}/${FRAMEWORKS_FOLDER_PATH}/GoogleUtilities.framework",
				"${TARGET_BUILD_DIR}/${FRAMEWORKS_FOLDER_PATH}/SDWebImage.framework",
				"${TARGET_BUILD_DIR}/${FRAMEWORKS_FOLDER_PATH}/leveldb.framework",
				"${TARGET_BUILD_DIR}/${FRAMEWORKS_FOLDER_PATH}/nanopb.framework",
			);
			runOnlyForDeploymentPostprocessing = 0;
			shellPath = /bin/sh;
			shellScript = "\"${SRCROOT}/Pods/Target Support Files/Pods-Movie Night/Pods-Movie Night-frameworks.sh\"\n";
			showEnvVarsInLog = 0;
		};
		B4F555088836F0B8C44120F0 /* [CP] Check Pods Manifest.lock */ = {
			isa = PBXShellScriptBuildPhase;
			buildActionMask = 2147483647;
			files = (
			);
			inputPaths = (
				"${PODS_PODFILE_DIR_PATH}/Podfile.lock",
				"${PODS_ROOT}/Manifest.lock",
			);
			name = "[CP] Check Pods Manifest.lock";
			outputPaths = (
				"$(DERIVED_FILE_DIR)/Pods-Movie Night-checkManifestLockResult.txt",
			);
			runOnlyForDeploymentPostprocessing = 0;
			shellPath = /bin/sh;
			shellScript = "diff \"${PODS_PODFILE_DIR_PATH}/Podfile.lock\" \"${PODS_ROOT}/Manifest.lock\" > /dev/null\nif [ $? != 0 ] ; then\n    # print error to STDERR\n    echo \"error: The sandbox is not in sync with the Podfile.lock. Run 'pod install' or update your CocoaPods installation.\" >&2\n    exit 1\nfi\n# This output is used by Xcode 'outputs' to avoid re-running this script phase.\necho \"SUCCESS\" > \"${SCRIPT_OUTPUT_FILE_0}\"\n";
			showEnvVarsInLog = 0;
		};
/* End PBXShellScriptBuildPhase section */

/* Begin PBXSourcesBuildPhase section */
		D8949FC821871DCC00A549B5 /* Sources */ = {
			isa = PBXSourcesBuildPhase;
			buildActionMask = 2147483647;
			files = (
				D87CA18E21A1597900143DC3 /* MNNavigationController.swift in Sources */,
				D811658A218EF7840086C778 /* OnboardingIntroTextModel.swift in Sources */,
				D8F7E32121874A750016B7E6 /* MNCollectionViewCell.swift in Sources */,
				D8102B5621B460F800D7D767 /* CellsReuseIdentifiers.swift in Sources */,
				D872C5C1219CAFF400807169 /* LoginProfileSetupController.swift in Sources */,
				D815A7FA21B120E300B09FB2 /* MNUIView.swift in Sources */,
				D8102B6821BD8F8300D7D767 /* TVViewModel.swift in Sources */,
				D8F7E3242187ACC30016B7E6 /* EasyConstraintsEx.swift in Sources */,
				D8F7E31B2187400C0016B7E6 /* UIColorExt.swift in Sources */,
				D8102B6221BD21B400D7D767 /* TVHomeController.swift in Sources */,
				D8102B5B21BB048100D7D767 /* MovieViewModel.swift in Sources */,
				D8102B6C21BD9BE300D7D767 /* TVHomeCollectionController.swift in Sources */,
				D8A2A01F2198CA0F0048D414 /* APIManager.swift in Sources */,
				D815A7F521B11A6200B09FB2 /* HomeBuilderDelegate.swift in Sources */,
				D872C5CC219F50A400807169 /* BLMultiColorLoader.m in Sources */,
				D8102B6621BD265800D7D767 /* TVRequestedPage.swift in Sources */,
				D8102B5D21BB10FC00D7D767 /* HomeCollectionHeaderView.swift in Sources */,
				D815A80221B1C38100B09FB2 /* HomeCollectionCell.swift in Sources */,
				D872C5D621A0284D00807169 /* MNFBLoginButtonDelegate.swift in Sources */,
				D8949FD021871DCC00A549B5 /* AppDelegate.swift in Sources */,
				D85D7D9A21ADE7E800C1BCFF /* MoviesRequestedPage.swift in Sources */,
				D892902A21BDC06A00ADFE71 /* MoviesListController.swift in Sources */,
				D8A2A0232198CFAF0048D414 /* FaceBookManager.swift in Sources */,
				D8102B5F21BB15D100D7D767 /* MNCollectionType.swift in Sources */,
				D8949FEA21872E3100A549B5 /* OnBoardingController.swift in Sources */,
				D872C5D3219F5D1100807169 /* FirebaseManager.swift in Sources */,
				D815A7F021B119D300B09FB2 /* HomeBuilder.swift in Sources */,
				D811658C218EFB8B0086C778 /* MNViewController.swift in Sources */,
				D85D7D9821ADE5DA00C1BCFF /* Movie.swift in Sources */,
				D85D7D9521AAC69400C1BCFF /* DashboardTabBarController.swift in Sources */,
				D8116590219129760086C778 /* MNFBLoginButton.swift in Sources */,
				D872C5D1219F5CA000807169 /* AppManager.swift in Sources */,
				D815A80021B1BD9F00B09FB2 /* MoviesHomeCollectionController.swift in Sources */,
				D8A006CC219A2206004EC041 /* UserModel.swift in Sources */,
				D8102B6421BD23C800D7D767 /* TV.swift in Sources */,
				D872C5D921A0309A00807169 /* LoginProfileViewModel.swift in Sources */,
				D892902D21BDC2A400ADFE71 /* ListCollectionViewCell.swift in Sources */,
				D872C5C6219F4FB600807169 /* MNButton.swift in Sources */,
				D8102B5821B7049F00D7D767 /* MNCollectionViewController.swift in Sources */,
				D8D4FEFF21A499A200609D24 /* MovieHomeController.swift in Sources */,
				D8F7E31D218747880016B7E6 /* OnBoardingPageCell.swift in Sources */,
				D872C5C4219EEFC300807169 /* UIPadding.swift in Sources */,
			);
			runOnlyForDeploymentPostprocessing = 0;
		};
/* End PBXSourcesBuildPhase section */

/* Begin PBXVariantGroup section */
		D8949FD821871DCE00A549B5 /* LaunchScreen.storyboard */ = {
			isa = PBXVariantGroup;
			children = (
				D8949FD921871DCE00A549B5 /* Base */,
			);
			name = LaunchScreen.storyboard;
			sourceTree = "<group>";
		};
/* End PBXVariantGroup section */

/* Begin XCBuildConfiguration section */
		D8949FDC21871DCE00A549B5 /* Debug */ = {
			isa = XCBuildConfiguration;
			buildSettings = {
				ALWAYS_SEARCH_USER_PATHS = NO;
				CLANG_ANALYZER_NONNULL = YES;
				CLANG_ANALYZER_NUMBER_OBJECT_CONVERSION = YES_AGGRESSIVE;
				CLANG_CXX_LANGUAGE_STANDARD = "gnu++14";
				CLANG_CXX_LIBRARY = "libc++";
				CLANG_ENABLE_MODULES = YES;
				CLANG_ENABLE_OBJC_ARC = YES;
				CLANG_ENABLE_OBJC_WEAK = YES;
				CLANG_WARN_BLOCK_CAPTURE_AUTORELEASING = YES;
				CLANG_WARN_BOOL_CONVERSION = YES;
				CLANG_WARN_COMMA = YES;
				CLANG_WARN_CONSTANT_CONVERSION = YES;
				CLANG_WARN_DEPRECATED_OBJC_IMPLEMENTATIONS = YES;
				CLANG_WARN_DIRECT_OBJC_ISA_USAGE = YES_ERROR;
				CLANG_WARN_DOCUMENTATION_COMMENTS = YES;
				CLANG_WARN_EMPTY_BODY = YES;
				CLANG_WARN_ENUM_CONVERSION = YES;
				CLANG_WARN_INFINITE_RECURSION = YES;
				CLANG_WARN_INT_CONVERSION = YES;
				CLANG_WARN_NON_LITERAL_NULL_CONVERSION = YES;
				CLANG_WARN_OBJC_IMPLICIT_RETAIN_SELF = YES;
				CLANG_WARN_OBJC_LITERAL_CONVERSION = YES;
				CLANG_WARN_OBJC_ROOT_CLASS = YES_ERROR;
				CLANG_WARN_RANGE_LOOP_ANALYSIS = YES;
				CLANG_WARN_STRICT_PROTOTYPES = YES;
				CLANG_WARN_SUSPICIOUS_MOVE = YES;
				CLANG_WARN_UNGUARDED_AVAILABILITY = YES_AGGRESSIVE;
				CLANG_WARN_UNREACHABLE_CODE = YES;
				CLANG_WARN__DUPLICATE_METHOD_MATCH = YES;
				CODE_SIGN_IDENTITY = "iPhone Developer";
				COPY_PHASE_STRIP = NO;
				DEBUG_INFORMATION_FORMAT = dwarf;
				ENABLE_STRICT_OBJC_MSGSEND = YES;
				ENABLE_TESTABILITY = YES;
				GCC_C_LANGUAGE_STANDARD = gnu11;
				GCC_DYNAMIC_NO_PIC = NO;
				GCC_NO_COMMON_BLOCKS = YES;
				GCC_OPTIMIZATION_LEVEL = 0;
				GCC_PREPROCESSOR_DEFINITIONS = (
					"DEBUG=1",
					"$(inherited)",
				);
				GCC_WARN_64_TO_32_BIT_CONVERSION = YES;
				GCC_WARN_ABOUT_RETURN_TYPE = YES_ERROR;
				GCC_WARN_UNDECLARED_SELECTOR = YES;
				GCC_WARN_UNINITIALIZED_AUTOS = YES_AGGRESSIVE;
				GCC_WARN_UNUSED_FUNCTION = YES;
				GCC_WARN_UNUSED_VARIABLE = YES;
				IPHONEOS_DEPLOYMENT_TARGET = 12.0;
				MTL_ENABLE_DEBUG_INFO = INCLUDE_SOURCE;
				MTL_FAST_MATH = YES;
				ONLY_ACTIVE_ARCH = YES;
				SDKROOT = iphoneos;
				SWIFT_ACTIVE_COMPILATION_CONDITIONS = DEBUG;
				SWIFT_OPTIMIZATION_LEVEL = "-Onone";
			};
			name = Debug;
		};
		D8949FDD21871DCE00A549B5 /* Release */ = {
			isa = XCBuildConfiguration;
			buildSettings = {
				ALWAYS_SEARCH_USER_PATHS = NO;
				CLANG_ANALYZER_NONNULL = YES;
				CLANG_ANALYZER_NUMBER_OBJECT_CONVERSION = YES_AGGRESSIVE;
				CLANG_CXX_LANGUAGE_STANDARD = "gnu++14";
				CLANG_CXX_LIBRARY = "libc++";
				CLANG_ENABLE_MODULES = YES;
				CLANG_ENABLE_OBJC_ARC = YES;
				CLANG_ENABLE_OBJC_WEAK = YES;
				CLANG_WARN_BLOCK_CAPTURE_AUTORELEASING = YES;
				CLANG_WARN_BOOL_CONVERSION = YES;
				CLANG_WARN_COMMA = YES;
				CLANG_WARN_CONSTANT_CONVERSION = YES;
				CLANG_WARN_DEPRECATED_OBJC_IMPLEMENTATIONS = YES;
				CLANG_WARN_DIRECT_OBJC_ISA_USAGE = YES_ERROR;
				CLANG_WARN_DOCUMENTATION_COMMENTS = YES;
				CLANG_WARN_EMPTY_BODY = YES;
				CLANG_WARN_ENUM_CONVERSION = YES;
				CLANG_WARN_INFINITE_RECURSION = YES;
				CLANG_WARN_INT_CONVERSION = YES;
				CLANG_WARN_NON_LITERAL_NULL_CONVERSION = YES;
				CLANG_WARN_OBJC_IMPLICIT_RETAIN_SELF = YES;
				CLANG_WARN_OBJC_LITERAL_CONVERSION = YES;
				CLANG_WARN_OBJC_ROOT_CLASS = YES_ERROR;
				CLANG_WARN_RANGE_LOOP_ANALYSIS = YES;
				CLANG_WARN_STRICT_PROTOTYPES = YES;
				CLANG_WARN_SUSPICIOUS_MOVE = YES;
				CLANG_WARN_UNGUARDED_AVAILABILITY = YES_AGGRESSIVE;
				CLANG_WARN_UNREACHABLE_CODE = YES;
				CLANG_WARN__DUPLICATE_METHOD_MATCH = YES;
				CODE_SIGN_IDENTITY = "iPhone Developer";
				COPY_PHASE_STRIP = NO;
				DEBUG_INFORMATION_FORMAT = "dwarf-with-dsym";
				ENABLE_NS_ASSERTIONS = NO;
				ENABLE_STRICT_OBJC_MSGSEND = YES;
				GCC_C_LANGUAGE_STANDARD = gnu11;
				GCC_NO_COMMON_BLOCKS = YES;
				GCC_WARN_64_TO_32_BIT_CONVERSION = YES;
				GCC_WARN_ABOUT_RETURN_TYPE = YES_ERROR;
				GCC_WARN_UNDECLARED_SELECTOR = YES;
				GCC_WARN_UNINITIALIZED_AUTOS = YES_AGGRESSIVE;
				GCC_WARN_UNUSED_FUNCTION = YES;
				GCC_WARN_UNUSED_VARIABLE = YES;
				IPHONEOS_DEPLOYMENT_TARGET = 12.0;
				MTL_ENABLE_DEBUG_INFO = NO;
				MTL_FAST_MATH = YES;
				SDKROOT = iphoneos;
				SWIFT_COMPILATION_MODE = wholemodule;
				SWIFT_OPTIMIZATION_LEVEL = "-O";
				VALIDATE_PRODUCT = YES;
			};
			name = Release;
		};
		D8949FDF21871DCE00A549B5 /* Debug */ = {
			isa = XCBuildConfiguration;
			baseConfigurationReference = C1C0BF42E0FD1C02FECDB888 /* Pods-Movie Night.debug.xcconfig */;
			buildSettings = {
				ASSETCATALOG_COMPILER_APPICON_NAME = AppIcon;
				CODE_SIGN_STYLE = Automatic;
				DEVELOPMENT_TEAM = T448CTU295;
				INFOPLIST_FILE = "Movie Night/Info.plist";
				LD_RUNPATH_SEARCH_PATHS = (
					"$(inherited)",
					"@executable_path/Frameworks",
				);
				PRODUCT_BUNDLE_IDENTIFIER = "com.UsefDev.Movie-Night";
				PRODUCT_NAME = "$(TARGET_NAME)";
				SWIFT_OBJC_BRIDGING_HEADER = "Movie Night/SupportFiles/MoviewNight-Bridging-Header.h";
				SWIFT_VERSION = 4.2;
				TARGETED_DEVICE_FAMILY = "1,2";
			};
			name = Debug;
		};
		D8949FE021871DCE00A549B5 /* Release */ = {
			isa = XCBuildConfiguration;
			baseConfigurationReference = 1311163C16887FE599DFE855 /* Pods-Movie Night.release.xcconfig */;
			buildSettings = {
				ASSETCATALOG_COMPILER_APPICON_NAME = AppIcon;
				CODE_SIGN_STYLE = Automatic;
				DEVELOPMENT_TEAM = T448CTU295;
				INFOPLIST_FILE = "Movie Night/Info.plist";
				LD_RUNPATH_SEARCH_PATHS = (
					"$(inherited)",
					"@executable_path/Frameworks",
				);
				PRODUCT_BUNDLE_IDENTIFIER = "com.UsefDev.Movie-Night";
				PRODUCT_NAME = "$(TARGET_NAME)";
				SWIFT_OBJC_BRIDGING_HEADER = "Movie Night/SupportFiles/MoviewNight-Bridging-Header.h";
				SWIFT_VERSION = 4.2;
				TARGETED_DEVICE_FAMILY = "1,2";
			};
			name = Release;
		};
/* End XCBuildConfiguration section */

/* Begin XCConfigurationList section */
		D8949FC721871DCC00A549B5 /* Build configuration list for PBXProject "Movie Night" */ = {
			isa = XCConfigurationList;
			buildConfigurations = (
				D8949FDC21871DCE00A549B5 /* Debug */,
				D8949FDD21871DCE00A549B5 /* Release */,
			);
			defaultConfigurationIsVisible = 0;
			defaultConfigurationName = Release;
		};
		D8949FDE21871DCE00A549B5 /* Build configuration list for PBXNativeTarget "Movie Night" */ = {
			isa = XCConfigurationList;
			buildConfigurations = (
				D8949FDF21871DCE00A549B5 /* Debug */,
				D8949FE021871DCE00A549B5 /* Release */,
			);
			defaultConfigurationIsVisible = 0;
			defaultConfigurationName = Release;
		};
/* End XCConfigurationList section */
	};
	rootObject = D8949FC421871DCC00A549B5 /* Project object */;
}
